PODS:
  - adhara_socket_io (0.0.1):
    - Flutter
    - Socket.IO-Client-Swift
    - Starscream
  - Flutter (1.0.0)
  - Socket.IO-Client-Swift (15.2.0):
    - Starscream (~> 3.1)
  - Starscream (3.1.1)

DEPENDENCIES:
  - adhara_socket_io (from `.symlinks/plugins/adhara_socket_io/ios`)
  - Flutter (from `Flutter`)

SPEC REPOS:
  trunk:
    - Socket.IO-Client-Swift
    - Starscream

EXTERNAL SOURCES:
  adhara_socket_io:
    :path: ".symlinks/plugins/adhara_socket_io/ios"
  Flutter:
    :path: Flutter

SPEC CHECKSUMS:
  adhara_socket_io: a2f8b3079a0de70a1a3f5080a8429a4fb7ae9bea
  Flutter: 0e3d915762c693b495b44d77113d4970485de6ec
  Socket.IO-Client-Swift: 1e3e3a1f09f3312a167f0d781eb2f383d477357c
  Starscream: 4bb2f9942274833f7b4d296a55504dcfc7edb7b0

PODFILE CHECKSUM: e45c292f618eeca3034958d33b444b6e1249b55f

COCOAPODS: 1.8.4
